// !$*UTF8*$!
{
	archiveVersion = 1;
	classes = {
	};
	objectVersion = 50;
	objects = {

/* Begin PBXBuildFile section */
		DE02EAF625A854B400D5AB19 /* MeetingHeaderView.swift in Sources */ = {isa = PBXBuildFile; fileRef = DE02EAF525A854B400D5AB19 /* MeetingHeaderView.swift */; };
		DE02EAF925A8577800D5AB19 /* ScrumProgressViewStyle.swift in Sources */ = {isa = PBXBuildFile; fileRef = DE02EAF825A8577800D5AB19 /* ScrumProgressViewStyle.swift */; };
		DE02EAFD25A858C200D5AB19 /* ScrumTimer.swift in Sources */ = {isa = PBXBuildFile; fileRef = DE02EAFC25A858C200D5AB19 /* ScrumTimer.swift */; };
		DE02EB0F25A862D700D5AB19 /* MeetingFooterVIew.swift in Sources */ = {isa = PBXBuildFile; fileRef = DE02EB0E25A862D700D5AB19 /* MeetingFooterVIew.swift */; };
		DE0495AD25A875CC00E8EAD8 /* AVPlayer+Ding.swift in Sources */ = {isa = PBXBuildFile; fileRef = DE0495AC25A875CC00E8EAD8 /* AVPlayer+Ding.swift */; };
		DE0495B125A8762A00E8EAD8 /* ding.wav in Resources */ = {isa = PBXBuildFile; fileRef = DE0495B025A8762900E8EAD8 /* ding.wav */; };
		DE0495B425A87A8300E8EAD8 /* History.swift in Sources */ = {isa = PBXBuildFile; fileRef = DE0495B325A87A8300E8EAD8 /* History.swift */; };
		DE0495B725A8809B00E8EAD8 /* ScrumData.swift in Sources */ = {isa = PBXBuildFile; fileRef = DE0495B625A8809B00E8EAD8 /* ScrumData.swift */; };
		DE42938C25A73CE800BD3CED /* DailyScrum.swift in Sources */ = {isa = PBXBuildFile; fileRef = DE42938B25A73CE800BD3CED /* DailyScrum.swift */; };
		DE42938F25A73D5900BD3CED /* Color+Codable.swift in Sources */ = {isa = PBXBuildFile; fileRef = DE42938E25A73D5900BD3CED /* Color+Codable.swift */; };
		DE42939625A73EB200BD3CED /* CardView.swift in Sources */ = {isa = PBXBuildFile; fileRef = DE42939525A73EB200BD3CED /* CardView.swift */; };
		DE42939A25A7440A00BD3CED /* ScrumsView.swift in Sources */ = {isa = PBXBuildFile; fileRef = DE42939925A7440A00BD3CED /* ScrumsView.swift */; };
		DE42939E25A7480E00BD3CED /* DetailView.swift in Sources */ = {isa = PBXBuildFile; fileRef = DE42939D25A7480E00BD3CED /* DetailView.swift */; };
		DE4293A225A7518300BD3CED /* EditView.swift in Sources */ = {isa = PBXBuildFile; fileRef = DE4293A125A7518300BD3CED /* EditView.swift */; };
		DE9637A725A72F72009A48E1 /* swiftui_scrumdingerApp.swift in Sources */ = {isa = PBXBuildFile; fileRef = DE9637A625A72F72009A48E1 /* swiftui_scrumdingerApp.swift */; };
		DE9637A925A72F72009A48E1 /* MeetingView.swift in Sources */ = {isa = PBXBuildFile; fileRef = DE9637A825A72F72009A48E1 /* MeetingView.swift */; };
		DE9637AB25A72F73009A48E1 /* Assets.xcassets in Resources */ = {isa = PBXBuildFile; fileRef = DE9637AA25A72F73009A48E1 /* Assets.xcassets */; };
		DE9637AE25A72F73009A48E1 /* Preview Assets.xcassets in Resources */ = {isa = PBXBuildFile; fileRef = DE9637AD25A72F73009A48E1 /* Preview Assets.xcassets */; };
		DE9637B725A72FB7009A48E1 /* .gitignore in Resources */ = {isa = PBXBuildFile; fileRef = DE9637B625A72FB6009A48E1 /* .gitignore */; };
/* End PBXBuildFile section */

/* Begin PBXFileReference section */
		DE02EAF525A854B400D5AB19 /* MeetingHeaderView.swift */ = {isa = PBXFileReference; lastKnownFileType = sourcecode.swift; path = MeetingHeaderView.swift; sourceTree = "<group>"; };
		DE02EAF825A8577800D5AB19 /* ScrumProgressViewStyle.swift */ = {isa = PBXFileReference; fileEncoding = 4; lastKnownFileType = sourcecode.swift; path = ScrumProgressViewStyle.swift; sourceTree = "<group>"; };
		DE02EAFC25A858C200D5AB19 /* ScrumTimer.swift */ = {isa = PBXFileReference; fileEncoding = 4; lastKnownFileType = sourcecode.swift; path = ScrumTimer.swift; sourceTree = "<group>"; };
		DE02EB0E25A862D700D5AB19 /* MeetingFooterVIew.swift */ = {isa = PBXFileReference; lastKnownFileType = sourcecode.swift; path = MeetingFooterVIew.swift; sourceTree = "<group>"; };
		DE0495AC25A875CC00E8EAD8 /* AVPlayer+Ding.swift */ = {isa = PBXFileReference; fileEncoding = 4; lastKnownFileType = sourcecode.swift; path = "AVPlayer+Ding.swift"; sourceTree = "<group>"; };
		DE0495B025A8762900E8EAD8 /* ding.wav */ = {isa = PBXFileReference; lastKnownFileType = audio.wav; path = ding.wav; sourceTree = "<group>"; };
		DE0495B325A87A8300E8EAD8 /* History.swift */ = {isa = PBXFileReference; fileEncoding = 4; lastKnownFileType = sourcecode.swift; path = History.swift; sourceTree = "<group>"; };
		DE0495B625A8809B00E8EAD8 /* ScrumData.swift */ = {isa = PBXFileReference; lastKnownFileType = sourcecode.swift; path = ScrumData.swift; sourceTree = "<group>"; };
		DE42938B25A73CE800BD3CED /* DailyScrum.swift */ = {isa = PBXFileReference; lastKnownFileType = sourcecode.swift; path = DailyScrum.swift; sourceTree = "<group>"; };
		DE42938E25A73D5900BD3CED /* Color+Codable.swift */ = {isa = PBXFileReference; fileEncoding = 4; lastKnownFileType = sourcecode.swift; path = "Color+Codable.swift"; sourceTree = "<group>"; };
		DE42939525A73EB200BD3CED /* CardView.swift */ = {isa = PBXFileReference; lastKnownFileType = sourcecode.swift; name = CardView.swift; path = "swiftui-scrumdinger/Features/Scrums/Views/CardView.swift"; sourceTree = SOURCE_ROOT; };
		DE42939925A7440A00BD3CED /* ScrumsView.swift */ = {isa = PBXFileReference; lastKnownFileType = sourcecode.swift; path = ScrumsView.swift; sourceTree = "<group>"; };
		DE42939D25A7480E00BD3CED /* DetailView.swift */ = {isa = PBXFileReference; lastKnownFileType = sourcecode.swift; path = DetailView.swift; sourceTree = "<group>"; };
		DE4293A125A7518300BD3CED /* EditView.swift */ = {isa = PBXFileReference; lastKnownFileType = sourcecode.swift; path = EditView.swift; sourceTree = "<group>"; };
		DE9637A325A72F72009A48E1 /* swiftui-scrumdinger.app */ = {isa = PBXFileReference; explicitFileType = wrapper.application; includeInIndex = 0; path = "swiftui-scrumdinger.app"; sourceTree = BUILT_PRODUCTS_DIR; };
		DE9637A625A72F72009A48E1 /* swiftui_scrumdingerApp.swift */ = {isa = PBXFileReference; lastKnownFileType = sourcecode.swift; path = swiftui_scrumdingerApp.swift; sourceTree = "<group>"; };
		DE9637A825A72F72009A48E1 /* MeetingView.swift */ = {isa = PBXFileReference; lastKnownFileType = sourcecode.swift; path = MeetingView.swift; sourceTree = "<group>"; };
		DE9637AA25A72F73009A48E1 /* Assets.xcassets */ = {isa = PBXFileReference; lastKnownFileType = folder.assetcatalog; path = Assets.xcassets; sourceTree = "<group>"; };
		DE9637AD25A72F73009A48E1 /* Preview Assets.xcassets */ = {isa = PBXFileReference; lastKnownFileType = folder.assetcatalog; path = "Preview Assets.xcassets"; sourceTree = "<group>"; };
		DE9637AF25A72F73009A48E1 /* Info.plist */ = {isa = PBXFileReference; lastKnownFileType = text.plist.xml; path = Info.plist; sourceTree = "<group>"; };
		DE9637B625A72FB6009A48E1 /* .gitignore */ = {isa = PBXFileReference; fileEncoding = 4; lastKnownFileType = text; path = .gitignore; sourceTree = "<group>"; };
/* End PBXFileReference section */

/* Begin PBXFrameworksBuildPhase section */
		DE9637A025A72F72009A48E1 /* Frameworks */ = {
			isa = PBXFrameworksBuildPhase;
			buildActionMask = 2147483647;
			files = (
			);
			runOnlyForDeploymentPostprocessing = 0;
		};
/* End PBXFrameworksBuildPhase section */

/* Begin PBXGroup section */
		DE02EB0525A861C900D5AB19 /* Features */ = {
			isa = PBXGroup;
			children = (
				DE02EB0625A861CF00D5AB19 /* Scrums */,
				DE02EB0825A861E000D5AB19 /* Detail */,
				DE02EB0725A861D700D5AB19 /* Meeting */,
			);
			path = Features;
			sourceTree = "<group>";
		};
		DE02EB0625A861CF00D5AB19 /* Scrums */ = {
			isa = PBXGroup;
			children = (
				DE02EB0A25A861F400D5AB19 /* Models */,
				DE02EB0925A861ED00D5AB19 /* Views */,
			);
			path = Scrums;
			sourceTree = "<group>";
		};
		DE02EB0725A861D700D5AB19 /* Meeting */ = {
			isa = PBXGroup;
			children = (
				DE02EB0B25A8620E00D5AB19 /* Views */,
			);
			path = Meeting;
			sourceTree = "<group>";
		};
		DE02EB0825A861E000D5AB19 /* Detail */ = {
			isa = PBXGroup;
			children = (
				DE02EB0C25A8622C00D5AB19 /* Views */,
			);
			path = Detail;
			sourceTree = "<group>";
		};
		DE02EB0925A861ED00D5AB19 /* Views */ = {
			isa = PBXGroup;
			children = (
				DE42939925A7440A00BD3CED /* ScrumsView.swift */,
				DE42939525A73EB200BD3CED /* CardView.swift */,
				DE02EAF825A8577800D5AB19 /* ScrumProgressViewStyle.swift */,
			);
			path = Views;
			sourceTree = "<group>";
		};
		DE02EB0A25A861F400D5AB19 /* Models */ = {
			isa = PBXGroup;
			children = (
				DE02EAFC25A858C200D5AB19 /* ScrumTimer.swift */,
				DE42938B25A73CE800BD3CED /* DailyScrum.swift */,
				DE0495B325A87A8300E8EAD8 /* History.swift */,
				DE0495B625A8809B00E8EAD8 /* ScrumData.swift */,
			);
			path = Models;
			sourceTree = "<group>";
		};
		DE02EB0B25A8620E00D5AB19 /* Views */ = {
			isa = PBXGroup;
			children = (
				DE9637A825A72F72009A48E1 /* MeetingView.swift */,
				DE02EAF525A854B400D5AB19 /* MeetingHeaderView.swift */,
				DE02EB0E25A862D700D5AB19 /* MeetingFooterVIew.swift */,
			);
			path = Views;
			sourceTree = "<group>";
		};
		DE02EB0C25A8622C00D5AB19 /* Views */ = {
			isa = PBXGroup;
			children = (
				DE42939D25A7480E00BD3CED /* DetailView.swift */,
				DE4293A125A7518300BD3CED /* EditView.swift */,
			);
			path = Views;
			sourceTree = "<group>";
		};
		DE0495AF25A8762900E8EAD8 /* Resources */ = {
			isa = PBXGroup;
			children = (
				DE0495B025A8762900E8EAD8 /* ding.wav */,
			);
			path = Resources;
			sourceTree = "<group>";
		};
		DE42938925A73CD000BD3CED /* Extensions */ = {
			isa = PBXGroup;
			children = (
				DE0495AC25A875CC00E8EAD8 /* AVPlayer+Ding.swift */,
				DE42938E25A73D5900BD3CED /* Color+Codable.swift */,
			);
			path = Extensions;
			sourceTree = "<group>";
		};
		DE96379A25A72F72009A48E1 = {
			isa = PBXGroup;
			children = (
				DE9637A525A72F72009A48E1 /* swiftui-scrumdinger */,
				DE9637A425A72F72009A48E1 /* Products */,
			);
			sourceTree = "<group>";
		};
		DE9637A425A72F72009A48E1 /* Products */ = {
			isa = PBXGroup;
			children = (
				DE9637A325A72F72009A48E1 /* swiftui-scrumdinger.app */,
			);
			name = Products;
			sourceTree = "<group>";
		};
		DE9637A525A72F72009A48E1 /* swiftui-scrumdinger */ = {
			isa = PBXGroup;
			children = (
				DE02EB0525A861C900D5AB19 /* Features */,
				DE42938925A73CD000BD3CED /* Extensions */,
				DE9637A625A72F72009A48E1 /* swiftui_scrumdingerApp.swift */,
				DE0495AF25A8762900E8EAD8 /* Resources */,
				DE9637AA25A72F73009A48E1 /* Assets.xcassets */,
				DE9637AF25A72F73009A48E1 /* Info.plist */,
				DE9637B625A72FB6009A48E1 /* .gitignore */,
				DE9637AC25A72F73009A48E1 /* Preview Content */,
			);
			path = "swiftui-scrumdinger";
			sourceTree = "<group>";
		};
		DE9637AC25A72F73009A48E1 /* Preview Content */ = {
			isa = PBXGroup;
			children = (
				DE9637AD25A72F73009A48E1 /* Preview Assets.xcassets */,
			);
			path = "Preview Content";
			sourceTree = "<group>";
		};
/* End PBXGroup section */

/* Begin PBXNativeTarget section */
		DE9637A225A72F72009A48E1 /* swiftui-scrumdinger */ = {
			isa = PBXNativeTarget;
			buildConfigurationList = DE9637B225A72F73009A48E1 /* Build configuration list for PBXNativeTarget "swiftui-scrumdinger" */;
			buildPhases = (
				DE96379F25A72F72009A48E1 /* Sources */,
				DE9637A025A72F72009A48E1 /* Frameworks */,
				DE9637A125A72F72009A48E1 /* Resources */,
			);
			buildRules = (
			);
			dependencies = (
			);
			name = "swiftui-scrumdinger";
			productName = "swiftui-scrumdinger";
			productReference = DE9637A325A72F72009A48E1 /* swiftui-scrumdinger.app */;
			productType = "com.apple.product-type.application";
		};
/* End PBXNativeTarget section */

/* Begin PBXProject section */
		DE96379B25A72F72009A48E1 /* Project object */ = {
			isa = PBXProject;
			attributes = {
				LastSwiftUpdateCheck = 1230;
				LastUpgradeCheck = 1230;
				TargetAttributes = {
					DE9637A225A72F72009A48E1 = {
						CreatedOnToolsVersion = 12.3;
					};
				};
			};
			buildConfigurationList = DE96379E25A72F72009A48E1 /* Build configuration list for PBXProject "swiftui-scrumdinger" */;
			compatibilityVersion = "Xcode 9.3";
			developmentRegion = en;
			hasScannedForEncodings = 0;
			knownRegions = (
				en,
				Base,
			);
			mainGroup = DE96379A25A72F72009A48E1;
			productRefGroup = DE9637A425A72F72009A48E1 /* Products */;
			projectDirPath = "";
			projectRoot = "";
			targets = (
				DE9637A225A72F72009A48E1 /* swiftui-scrumdinger */,
			);
		};
/* End PBXProject section */

/* Begin PBXResourcesBuildPhase section */
		DE9637A125A72F72009A48E1 /* Resources */ = {
			isa = PBXResourcesBuildPhase;
			buildActionMask = 2147483647;
			files = (
				DE9637AE25A72F73009A48E1 /* Preview Assets.xcassets in Resources */,
				DE9637B725A72FB7009A48E1 /* .gitignore in Resources */,
				DE0495B125A8762A00E8EAD8 /* ding.wav in Resources */,
				DE9637AB25A72F73009A48E1 /* Assets.xcassets in Resources */,
			);
			runOnlyForDeploymentPostprocessing = 0;
		};
/* End PBXResourcesBuildPhase section */

/* Begin PBXSourcesBuildPhase section */
		DE96379F25A72F72009A48E1 /* Sources */ = {
			isa = PBXSourcesBuildPhase;
			buildActionMask = 2147483647;
			files = (
				DE9637A925A72F72009A48E1 /* MeetingView.swift in Sources */,
				DE42939A25A7440A00BD3CED /* ScrumsView.swift in Sources */,
				DE0495B425A87A8300E8EAD8 /* History.swift in Sources */,
				DE4293A225A7518300BD3CED /* EditView.swift in Sources */,
				DE0495AD25A875CC00E8EAD8 /* AVPlayer+Ding.swift in Sources */,
				DE0495B725A8809B00E8EAD8 /* ScrumData.swift in Sources */,
				DE02EAF625A854B400D5AB19 /* MeetingHeaderView.swift in Sources */,
				DE42938C25A73CE800BD3CED /* DailyScrum.swift in Sources */,
				DE42939E25A7480E00BD3CED /* DetailView.swift in Sources */,
				DE02EAFD25A858C200D5AB19 /* ScrumTimer.swift in Sources */,
				DE42938F25A73D5900BD3CED /* Color+Codable.swift in Sources */,
				DE9637A725A72F72009A48E1 /* swiftui_scrumdingerApp.swift in Sources */,
				DE02EB0F25A862D700D5AB19 /* MeetingFooterVIew.swift in Sources */,
				DE02EAF925A8577800D5AB19 /* ScrumProgressViewStyle.swift in Sources */,
				DE42939625A73EB200BD3CED /* CardView.swift in Sources */,
			);
			runOnlyForDeploymentPostprocessing = 0;
		};
/* End PBXSourcesBuildPhase section */

/* Begin XCBuildConfiguration section */
		DE9637B025A72F73009A48E1 /* Debug */ = {
			isa = XCBuildConfiguration;
			buildSettings = {
				ALWAYS_SEARCH_USER_PATHS = NO;
				CLANG_ANALYZER_NONNULL = YES;
				CLANG_ANALYZER_NUMBER_OBJECT_CONVERSION = YES_AGGRESSIVE;
				CLANG_CXX_LANGUAGE_STANDARD = "gnu++14";
				CLANG_CXX_LIBRARY = "libc++";
				CLANG_ENABLE_MODULES = YES;
				CLANG_ENABLE_OBJC_ARC = YES;
				CLANG_ENABLE_OBJC_WEAK = YES;
				CLANG_WARN_BLOCK_CAPTURE_AUTORELEASING = YES;
				CLANG_WARN_BOOL_CONVERSION = YES;
				CLANG_WARN_COMMA = YES;
				CLANG_WARN_CONSTANT_CONVERSION = YES;
				CLANG_WARN_DEPRECATED_OBJC_IMPLEMENTATIONS = YES;
				CLANG_WARN_DIRECT_OBJC_ISA_USAGE = YES_ERROR;
				CLANG_WARN_DOCUMENTATION_COMMENTS = YES;
				CLANG_WARN_EMPTY_BODY = YES;
				CLANG_WARN_ENUM_CONVERSION = YES;
				CLANG_WARN_INFINITE_RECURSION = YES;
				CLANG_WARN_INT_CONVERSION = YES;
				CLANG_WARN_NON_LITERAL_NULL_CONVERSION = YES;
				CLANG_WARN_OBJC_IMPLICIT_RETAIN_SELF = YES;
				CLANG_WARN_OBJC_LITERAL_CONVERSION = YES;
				CLANG_WARN_OBJC_ROOT_CLASS = YES_ERROR;
				CLANG_WARN_QUOTED_INCLUDE_IN_FRAMEWORK_HEADER = YES;
				CLANG_WARN_RANGE_LOOP_ANALYSIS = YES;
				CLANG_WARN_STRICT_PROTOTYPES = YES;
				CLANG_WARN_SUSPICIOUS_MOVE = YES;
				CLANG_WARN_UNGUARDED_AVAILABILITY = YES_AGGRESSIVE;
				CLANG_WARN_UNREACHABLE_CODE = YES;
				CLANG_WARN__DUPLICATE_METHOD_MATCH = YES;
				COPY_PHASE_STRIP = NO;
				DEBUG_INFORMATION_FORMAT = dwarf;
				ENABLE_STRICT_OBJC_MSGSEND = YES;
				ENABLE_TESTABILITY = YES;
				GCC_C_LANGUAGE_STANDARD = gnu11;
				GCC_DYNAMIC_NO_PIC = NO;
				GCC_NO_COMMON_BLOCKS = YES;
				GCC_OPTIMIZATION_LEVEL = 0;
				GCC_PREPROCESSOR_DEFINITIONS = (
					"DEBUG=1",
					"$(inherited)",
				);
				GCC_WARN_64_TO_32_BIT_CONVERSION = YES;
				GCC_WARN_ABOUT_RETURN_TYPE = YES_ERROR;
				GCC_WARN_UNDECLARED_SELECTOR = YES;
				GCC_WARN_UNINITIALIZED_AUTOS = YES_AGGRESSIVE;
				GCC_WARN_UNUSED_FUNCTION = YES;
				GCC_WARN_UNUSED_VARIABLE = YES;
				IPHONEOS_DEPLOYMENT_TARGET = 14.3;
				MTL_ENABLE_DEBUG_INFO = INCLUDE_SOURCE;
				MTL_FAST_MATH = YES;
				ONLY_ACTIVE_ARCH = YES;
				SDKROOT = iphoneos;
				SWIFT_ACTIVE_COMPILATION_CONDITIONS = DEBUG;
				SWIFT_OPTIMIZATION_LEVEL = "-Onone";
			};
			name = Debug;
		};
		DE9637B125A72F73009A48E1 /* Release */ = {
			isa = XCBuildConfiguration;
			buildSettings = {
				ALWAYS_SEARCH_USER_PATHS = NO;
				CLANG_ANALYZER_NONNULL = YES;
				CLANG_ANALYZER_NUMBER_OBJECT_CONVERSION = YES_AGGRESSIVE;
				CLANG_CXX_LANGUAGE_STANDARD = "gnu++14";
				CLANG_CXX_LIBRARY = "libc++";
				CLANG_ENABLE_MODULES = YES;
				CLANG_ENABLE_OBJC_ARC = YES;
				CLANG_ENABLE_OBJC_WEAK = YES;
				CLANG_WARN_BLOCK_CAPTURE_AUTORELEASING = YES;
				CLANG_WARN_BOOL_CONVERSION = YES;
				CLANG_WARN_COMMA = YES;
				CLANG_WARN_CONSTANT_CONVERSION = YES;
				CLANG_WARN_DEPRECATED_OBJC_IMPLEMENTATIONS = YES;
				CLANG_WARN_DIRECT_OBJC_ISA_USAGE = YES_ERROR;
				CLANG_WARN_DOCUMENTATION_COMMENTS = YES;
				CLANG_WARN_EMPTY_BODY = YES;
				CLANG_WARN_ENUM_CONVERSION = YES;
				CLANG_WARN_INFINITE_RECURSION = YES;
				CLANG_WARN_INT_CONVERSION = YES;
				CLANG_WARN_NON_LITERAL_NULL_CONVERSION = YES;
				CLANG_WARN_OBJC_IMPLICIT_RETAIN_SELF = YES;
				CLANG_WARN_OBJC_LITERAL_CONVERSION = YES;
				CLANG_WARN_OBJC_ROOT_CLASS = YES_ERROR;
				CLANG_WARN_QUOTED_INCLUDE_IN_FRAMEWORK_HEADER = YES;
				CLANG_WARN_RANGE_LOOP_ANALYSIS = YES;
				CLANG_WARN_STRICT_PROTOTYPES = YES;
				CLANG_WARN_SUSPICIOUS_MOVE = YES;
				CLANG_WARN_UNGUARDED_AVAILABILITY = YES_AGGRESSIVE;
				CLANG_WARN_UNREACHABLE_CODE = YES;
				CLANG_WARN__DUPLICATE_METHOD_MATCH = YES;
				COPY_PHASE_STRIP = NO;
				DEBUG_INFORMATION_FORMAT = "dwarf-with-dsym";
				ENABLE_NS_ASSERTIONS = NO;
				ENABLE_STRICT_OBJC_MSGSEND = YES;
				GCC_C_LANGUAGE_STANDARD = gnu11;
				GCC_NO_COMMON_BLOCKS = YES;
				GCC_WARN_64_TO_32_BIT_CONVERSION = YES;
				GCC_WARN_ABOUT_RETURN_TYPE = YES_ERROR;
				GCC_WARN_UNDECLARED_SELECTOR = YES;
				GCC_WARN_UNINITIALIZED_AUTOS = YES_AGGRESSIVE;
				GCC_WARN_UNUSED_FUNCTION = YES;
				GCC_WARN_UNUSED_VARIABLE = YES;
				IPHONEOS_DEPLOYMENT_TARGET = 14.3;
				MTL_ENABLE_DEBUG_INFO = NO;
				MTL_FAST_MATH = YES;
				SDKROOT = iphoneos;
				SWIFT_COMPILATION_MODE = wholemodule;
				SWIFT_OPTIMIZATION_LEVEL = "-O";
				VALIDATE_PRODUCT = YES;
			};
			name = Release;
		};
		DE9637B325A72F73009A48E1 /* Debug */ = {
			isa = XCBuildConfiguration;
			buildSettings = {
				ASSETCATALOG_COMPILER_APPICON_NAME = AppIcon;
				ASSETCATALOG_COMPILER_GLOBAL_ACCENT_COLOR_NAME = AccentColor;
				CODE_SIGN_STYLE = Automatic;
				DEVELOPMENT_ASSET_PATHS = "\"swiftui-scrumdinger/Preview Content\"";
				DEVELOPMENT_TEAM = 5ZWZB58683;
				ENABLE_PREVIEWS = YES;
				INFOPLIST_FILE = "swiftui-scrumdinger/Info.plist";
				IPHONEOS_DEPLOYMENT_TARGET = 14.0;
				LD_RUNPATH_SEARCH_PATHS = (
					"$(inherited)",
					"@executable_path/Frameworks",
				);
				PRODUCT_BUNDLE_IDENTIFIER = "com.vladstanescu.swiftui-scrumdinger";
				PRODUCT_NAME = "$(TARGET_NAME)";
				SWIFT_VERSION = 5.0;
				TARGETED_DEVICE_FAMILY = "1,2";
			};
			name = Debug;
		};
		DE9637B425A72F73009A48E1 /* Release */ = {
			isa = XCBuildConfiguration;
			buildSettings = {
				ASSETCATALOG_COMPILER_APPICON_NAME = AppIcon;
				ASSETCATALOG_COMPILER_GLOBAL_ACCENT_COLOR_NAME = AccentColor;
				CODE_SIGN_STYLE = Automatic;
				DEVELOPMENT_ASSET_PATHS = "\"swiftui-scrumdinger/Preview Content\"";
				DEVELOPMENT_TEAM = 5ZWZB58683;
				ENABLE_PREVIEWS = YES;
				INFOPLIST_FILE = "swiftui-scrumdinger/Info.plist";
				IPHONEOS_DEPLOYMENT_TARGET = 14.0;
				LD_RUNPATH_SEARCH_PATHS = (
					"$(inherited)",
					"@executable_path/Frameworks",
				);
				PRODUCT_BUNDLE_IDENTIFIER = "com.vladstanescu.swiftui-scrumdinger";
				PRODUCT_NAME = "$(TARGET_NAME)";
				SWIFT_VERSION = 5.0;
				TARGETED_DEVICE_FAMILY = "1,2";
			};
			name = Release;
		};
/* End XCBuildConfiguration section */

/* Begin XCConfigurationList section */
		DE96379E25A72F72009A48E1 /* Build configuration list for PBXProject "swiftui-scrumdinger" */ = {
			isa = XCConfigurationList;
			buildConfigurations = (
				DE9637B025A72F73009A48E1 /* Debug */,
				DE9637B125A72F73009A48E1 /* Release */,
			);
			defaultConfigurationIsVisible = 0;
			defaultConfigurationName = Release;
		};
		DE9637B225A72F73009A48E1 /* Build configuration list for PBXNativeTarget "swiftui-scrumdinger" */ = {
			isa = XCConfigurationList;
			buildConfigurations = (
				DE9637B325A72F73009A48E1 /* Debug */,
				DE9637B425A72F73009A48E1 /* Release */,
			);
			defaultConfigurationIsVisible = 0;
			defaultConfigurationName = Release;
		};
/* End XCConfigurationList section */
	};
	rootObject = DE96379B25A72F72009A48E1 /* Project object */;
}
